// !$*UTF8*$!
{
	archiveVersion = 1;
	classes = {
	};
	objectVersion = 46;
	objects = {

/* Begin PBXBuildFile section */
		07A8D48D1F147E2D008D6C3F /* AppDelegate.swift in Sources */ = {isa = PBXBuildFile; fileRef = 07A8D48C1F147E2D008D6C3F /* AppDelegate.swift */; };
		07A8D48F1F147E2D008D6C3F /* ViewController.swift in Sources */ = {isa = PBXBuildFile; fileRef = 07A8D48E1F147E2D008D6C3F /* ViewController.swift */; };
		07A8D4921F147E2D008D6C3F /* Main.storyboard in Resources */ = {isa = PBXBuildFile; fileRef = 07A8D4901F147E2D008D6C3F /* Main.storyboard */; };
		07A8D4941F147E2D008D6C3F /* Assets.xcassets in Resources */ = {isa = PBXBuildFile; fileRef = 07A8D4931F147E2D008D6C3F /* Assets.xcassets */; };
		07A8D4971F147E2D008D6C3F /* LaunchScreen.storyboard in Resources */ = {isa = PBXBuildFile; fileRef = 07A8D4951F147E2D008D6C3F /* LaunchScreen.storyboard */; };
		07C553A01F1E01D200AA01CC /* scroll.wav in Resources */ = {isa = PBXBuildFile; fileRef = 07C5539F1F1E01D200AA01CC /* scroll.wav */; };
/* End PBXBuildFile section */

/* Begin PBXFileReference section */
		07A8D4891F147E2D008D6C3F /* CheckMiss.app */ = {isa = PBXFileReference; explicitFileType = wrapper.application; includeInIndex = 0; path = CheckMiss.app; sourceTree = BUILT_PRODUCTS_DIR; };
		07A8D48C1F147E2D008D6C3F /* AppDelegate.swift */ = {isa = PBXFileReference; lastKnownFileType = sourcecode.swift; path = AppDelegate.swift; sourceTree = "<group>"; };
		07A8D48E1F147E2D008D6C3F /* ViewController.swift */ = {isa = PBXFileReference; lastKnownFileType = sourcecode.swift; path = ViewController.swift; sourceTree = "<group>"; };
		07A8D4911F147E2D008D6C3F /* Base */ = {isa = PBXFileReference; lastKnownFileType = file.storyboard; name = Base; path = Base.lproj/Main.storyboard; sourceTree = "<group>"; };
		07A8D4931F147E2D008D6C3F /* Assets.xcassets */ = {isa = PBXFileReference; lastKnownFileType = folder.assetcatalog; path = Assets.xcassets; sourceTree = "<group>"; };
		07A8D4961F147E2D008D6C3F /* Base */ = {isa = PBXFileReference; lastKnownFileType = file.storyboard; name = Base; path = Base.lproj/LaunchScreen.storyboard; sourceTree = "<group>"; };
		07A8D4981F147E2D008D6C3F /* Info.plist */ = {isa = PBXFileReference; lastKnownFileType = text.plist.xml; path = Info.plist; sourceTree = "<group>"; };
		07C5539F1F1E01D200AA01CC /* scroll.wav */ = {isa = PBXFileReference; lastKnownFileType = audio.wav; path = scroll.wav; sourceTree = "<group>"; };
/* End PBXFileReference section */

/* Begin PBXFrameworksBuildPhase section */
		07A8D4861F147E2D008D6C3F /* Frameworks */ = {
			isa = PBXFrameworksBuildPhase;
			buildActionMask = 2147483647;
			files = (
			);
			runOnlyForDeploymentPostprocessing = 0;
		};
/* End PBXFrameworksBuildPhase section */

/* Begin PBXGroup section */
		07A8D4801F147E2D008D6C3F = {
			isa = PBXGroup;
			children = (
				07A8D48B1F147E2D008D6C3F /* CheckMiss */,
				07A8D48A1F147E2D008D6C3F /* Products */,
			);
			sourceTree = "<group>";
		};
		07A8D48A1F147E2D008D6C3F /* Products */ = {
			isa = PBXGroup;
			children = (
				07A8D4891F147E2D008D6C3F /* CheckMiss.app */,
			);
			name = Products;
			sourceTree = "<group>";
		};
		07A8D48B1F147E2D008D6C3F /* CheckMiss */ = {
			isa = PBXGroup;
			children = (
				07A8D48C1F147E2D008D6C3F /* AppDelegate.swift */,
				07A8D48E1F147E2D008D6C3F /* ViewController.swift */,
				07A8D4901F147E2D008D6C3F /* Main.storyboard */,
				07A8D4931F147E2D008D6C3F /* Assets.xcassets */,
				07A8D4951F147E2D008D6C3F /* LaunchScreen.storyboard */,
				07C5539F1F1E01D200AA01CC /* scroll.wav */,
				07A8D4981F147E2D008D6C3F /* Info.plist */,
			);
			path = CheckMiss;
			sourceTree = "<group>";
		};
/* End PBXGroup section */

/* Begin PBXNativeTarget section */
		07A8D4881F147E2D008D6C3F /* CheckMiss */ = {
			isa = PBXNativeTarget;
			buildConfigurationList = 07A8D49B1F147E2D008D6C3F /* Build configuration list for PBXNativeTarget "CheckMiss" */;
			buildPhases = (
				07A8D4851F147E2D008D6C3F /* Sources */,
				07A8D4861F147E2D008D6C3F /* Frameworks */,
				07A8D4871F147E2D008D6C3F /* Resources */,
			);
			buildRules = (
			);
			dependencies = (
			);
			name = CheckMiss;
			productName = CheckMiss;
			productReference = 07A8D4891F147E2D008D6C3F /* CheckMiss.app */;
			productType = "com.apple.product-type.application";
		};
/* End PBXNativeTarget section */

/* Begin PBXProject section */
		07A8D4811F147E2D008D6C3F /* Project object */ = {
			isa = PBXProject;
			attributes = {
				LastSwiftUpdateCheck = 0810;
				LastUpgradeCheck = 0810;
				ORGANIZATIONNAME = "Kien Nguyen";
				TargetAttributes = {
					07A8D4881F147E2D008D6C3F = {
						CreatedOnToolsVersion = 8.1;
						DevelopmentTeam = MJ777Q76VF;
						ProvisioningStyle = Automatic;
					};
				};
			};
			buildConfigurationList = 07A8D4841F147E2D008D6C3F /* Build configuration list for PBXProject "CheckMiss" */;
			compatibilityVersion = "Xcode 3.2";
			developmentRegion = English;
			hasScannedForEncodings = 0;
			knownRegions = (
				en,
				Base,
			);
			mainGroup = 07A8D4801F147E2D008D6C3F;
			productRefGroup = 07A8D48A1F147E2D008D6C3F /* Products */;
			projectDirPath = "";
			projectRoot = "";
			targets = (
				07A8D4881F147E2D008D6C3F /* CheckMiss */,
			);
		};
/* End PBXProject section */

/* Begin PBXResourcesBuildPhase section */
		07A8D4871F147E2D008D6C3F /* Resources */ = {
			isa = PBXResourcesBuildPhase;
			buildActionMask = 2147483647;
			files = (
				07C553A01F1E01D200AA01CC /* scroll.wav in Resources */,
				07A8D4971F147E2D008D6C3F /* LaunchScreen.storyboard in Resources */,
				07A8D4941F147E2D008D6C3F /* Assets.xcassets in Resources */,
				07A8D4921F147E2D008D6C3F /* Main.storyboard in Resources */,
			);
			runOnlyForDeploymentPostprocessing = 0;
		};
/* End PBXResourcesBuildPhase section */

/* Begin PBXSourcesBuildPhase section */
		07A8D4851F147E2D008D6C3F /* Sources */ = {
			isa = PBXSourcesBuildPhase;
			buildActionMask = 2147483647;
			files = (
				07A8D48F1F147E2D008D6C3F /* ViewController.swift in Sources */,
				07A8D48D1F147E2D008D6C3F /* AppDelegate.swift in Sources */,
			);
			runOnlyForDeploymentPostprocessing = 0;
		};
/* End PBXSourcesBuildPhase section */

/* Begin PBXVariantGroup section */
		07A8D4901F147E2D008D6C3F /* Main.storyboard */ = {
			isa = PBXVariantGroup;
			children = (
				07A8D4911F147E2D008D6C3F /* Base */,
			);
			name = Main.storyboard;
			sourceTree = "<group>";
		};
		07A8D4951F147E2D008D6C3F /* LaunchScreen.storyboard */ = {
			isa = PBXVariantGroup;
			children = (
				07A8D4961F147E2D008D6C3F /* Base */,
			);
			name = LaunchScreen.storyboard;
			sourceTree = "<group>";
		};
/* End PBXVariantGroup section */

/* Begin XCBuildConfiguration section */
		07A8D4991F147E2D008D6C3F /* Debug */ = {
			isa = XCBuildConfiguration;
			buildSettings = {
				ALWAYS_SEARCH_USER_PATHS = NO;
				CLANG_ANALYZER_NONNULL = YES;
				CLANG_CXX_LANGUAGE_STANDARD = "gnu++0x";
				CLANG_CXX_LIBRARY = "libc++";
				CLANG_ENABLE_MODULES = YES;
				CLANG_ENABLE_OBJC_ARC = YES;
				CLANG_WARN_BOOL_CONVERSION = YES;
				CLANG_WARN_CONSTANT_CONVERSION = YES;
				CLANG_WARN_DIRECT_OBJC_ISA_USAGE = YES_ERROR;
				CLANG_WARN_DOCUMENTATION_COMMENTS = YES;
				CLANG_WARN_EMPTY_BODY = YES;
				CLANG_WARN_ENUM_CONVERSION = YES;
				CLANG_WARN_INFINITE_RECURSION = YES;
				CLANG_WARN_INT_CONVERSION = YES;
				CLANG_WARN_OBJC_ROOT_CLASS = YES_ERROR;
				CLANG_WARN_SUSPICIOUS_MOVES = YES;
				CLANG_WARN_UNREACHABLE_CODE = YES;
				CLANG_WARN__DUPLICATE_METHOD_MATCH = YES;
				"CODE_SIGN_IDENTITY[sdk=iphoneos*]" = "iPhone Developer";
				COPY_PHASE_STRIP = NO;
				DEBUG_INFORMATION_FORMAT = dwarf;
				ENABLE_STRICT_OBJC_MSGSEND = YES;
				ENABLE_TESTABILITY = YES;
				GCC_C_LANGUAGE_STANDARD = gnu99;
				GCC_DYNAMIC_NO_PIC = NO;
				GCC_NO_COMMON_BLOCKS = YES;
				GCC_OPTIMIZATION_LEVEL = 0;
				GCC_PREPROCESSOR_DEFINITIONS = (
					"DEBUG=1",
					"$(inherited)",
				);
				GCC_WARN_64_TO_32_BIT_CONVERSION = YES;
				GCC_WARN_ABOUT_RETURN_TYPE = YES_ERROR;
				GCC_WARN_UNDECLARED_SELECTOR = YES;
				GCC_WARN_UNINITIALIZED_AUTOS = YES_AGGRESSIVE;
				GCC_WARN_UNUSED_FUNCTION = YES;
				GCC_WARN_UNUSED_VARIABLE = YES;
				IPHONEOS_DEPLOYMENT_TARGET = 10.1;
				MTL_ENABLE_DEBUG_INFO = YES;
				ONLY_ACTIVE_ARCH = YES;
				SDKROOT = iphoneos;
				SWIFT_ACTIVE_COMPILATION_CONDITIONS = DEBUG;
				SWIFT_OPTIMIZATION_LEVEL = "-Onone";
			};
			name = Debug;
		};
		07A8D49A1F147E2D008D6C3F /* Release */ = {
			isa = XCBuildConfiguration;
			buildSettings = {
				ALWAYS_SEARCH_USER_PATHS = NO;
				CLANG_ANALYZER_NONNULL = YES;
				CLANG_CXX_LANGUAGE_STANDARD = "gnu++0x";
				CLANG_CXX_LIBRARY = "libc++";
				CLANG_ENABLE_MODULES = YES;
				CLANG_ENABLE_OBJC_ARC = YES;
				CLANG_WARN_BOOL_CONVERSION = YES;
				CLANG_WARN_CONSTANT_CONVERSION = YES;
				CLANG_WARN_DIRECT_OBJC_ISA_USAGE = YES_ERROR;
				CLANG_WARN_DOCUMENTATION_COMMENTS = YES;
				CLANG_WARN_EMPTY_BODY = YES;
				CLANG_WARN_ENUM_CONVERSION = YES;
				CLANG_WARN_INFINITE_RECURSION = YES;
				CLANG_WARN_INT_CONVERSION = YES;
				CLANG_WARN_OBJC_ROOT_CLASS = YES_ERROR;
				CLANG_WARN_SUSPICIOUS_MOVES = YES;
				CLANG_WARN_UNREACHABLE_CODE = YES;
				CLANG_WARN__DUPLICATE_METHOD_MATCH = YES;
				"CODE_SIGN_IDENTITY[sdk=iphoneos*]" = "iPhone Developer";
				COPY_PHASE_STRIP = NO;
				DEBUG_INFORMATION_FORMAT = "dwarf-with-dsym";
				ENABLE_NS_ASSERTIONS = NO;
				ENABLE_STRICT_OBJC_MSGSEND = YES;
				GCC_C_LANGUAGE_STANDARD = gnu99;
				GCC_NO_COMMON_BLOCKS = YES;
				GCC_WARN_64_TO_32_BIT_CONVERSION = YES;
				GCC_WARN_ABOUT_RETURN_TYPE = YES_ERROR;
				GCC_WARN_UNDECLARED_SELECTOR = YES;
				GCC_WARN_UNINITIALIZED_AUTOS = YES_AGGRESSIVE;
				GCC_WARN_UNUSED_FUNCTION = YES;
				GCC_WARN_UNUSED_VARIABLE = YES;
				IPHONEOS_DEPLOYMENT_TARGET = 10.1;
				MTL_ENABLE_DEBUG_INFO = NO;
				SDKROOT = iphoneos;
				SWIFT_OPTIMIZATION_LEVEL = "-Owholemodule";
				VALIDATE_PRODUCT = YES;
			};
			name = Release;
		};
		07A8D49C1F147E2D008D6C3F /* Debug */ = {
			isa = XCBuildConfiguration;
			buildSettings = {
				ASSETCATALOG_COMPILER_APPICON_NAME = AppIcon;
				DEVELOPMENT_TEAM = MJ777Q76VF;
				INFOPLIST_FILE = CheckMiss/Info.plist;
				LD_RUNPATH_SEARCH_PATHS = "$(inherited) @executable_path/Frameworks";
				PRODUCT_BUNDLE_IDENTIFIER = nguyenduckien.CheckMiss;
				PRODUCT_NAME = "$(TARGET_NAME)";
				SWIFT_VERSION = 3.0;
			};
			name = Debug;
		};
		07A8D49D1F147E2D008D6C3F /* Release */ = {
			isa = XCBuildConfiguration;
			buildSettings = {
				ASSETCATALOG_COMPILER_APPICON_NAME = AppIcon;
				DEVELOPMENT_TEAM = MJ777Q76VF;
				INFOPLIST_FILE = CheckMiss/Info.plist;
				LD_RUNPATH_SEARCH_PATHS = "$(inherited) @executable_path/Frameworks";
				PRODUCT_BUNDLE_IDENTIFIER = nguyenduckien.CheckMiss;
				PRODUCT_NAME = "$(TARGET_NAME)";
				SWIFT_VERSION = 3.0;
			};
			name = Release;
		};
/* End XCBuildConfiguration section */

/* Begin XCConfigurationList section */
		07A8D4841F147E2D008D6C3F /* Build configuration list for PBXProject "CheckMiss" */ = {
			isa = XCConfigurationList;
			buildConfigurations = (
				07A8D4991F147E2D008D6C3F /* Debug */,
				07A8D49A1F147E2D008D6C3F /* Release */,
			);
			defaultConfigurationIsVisible = 0;
			defaultConfigurationName = Release;
		};
		07A8D49B1F147E2D008D6C3F /* Build configuration list for PBXNativeTarget "CheckMiss" */ = {
			isa = XCConfigurationList;
			buildConfigurations = (
				07A8D49C1F147E2D008D6C3F /* Debug */,
				07A8D49D1F147E2D008D6C3F /* Release */,
			);
			defaultConfigurationIsVisible = 0;
			defaultConfigurationName = Release;
		};
/* End XCConfigurationList section */
	};
	rootObject = 07A8D4811F147E2D008D6C3F /* Project object */;
}
